// !$*UTF8*$!
{
	archiveVersion = 1;
	classes = {
	};
	objectVersion = 50;
	objects = {

/* Begin PBXBuildFile section */
		0A51F4A421347BF500DF6A5C /* AppDelegate.swift in Sources */ = {isa = PBXBuildFile; fileRef = 0A51F4A321347BF500DF6A5C /* AppDelegate.swift */; };
		0A51F4A621347BF500DF6A5C /* ViewController.swift in Sources */ = {isa = PBXBuildFile; fileRef = 0A51F4A521347BF500DF6A5C /* ViewController.swift */; };
		0A51F4A921347BF500DF6A5C /* Main.storyboard in Resources */ = {isa = PBXBuildFile; fileRef = 0A51F4A721347BF500DF6A5C /* Main.storyboard */; };
		0A51F4AB21347BFB00DF6A5C /* Assets.xcassets in Resources */ = {isa = PBXBuildFile; fileRef = 0A51F4AA21347BFB00DF6A5C /* Assets.xcassets */; };
		0A51F4AE21347BFB00DF6A5C /* LaunchScreen.storyboard in Resources */ = {isa = PBXBuildFile; fileRef = 0A51F4AC21347BFB00DF6A5C /* LaunchScreen.storyboard */; };
		0A51F4B921347BFC00DF6A5C /* bbsTests.swift in Sources */ = {isa = PBXBuildFile; fileRef = 0A51F4B821347BFC00DF6A5C /* bbsTests.swift */; };
		0A51F4C421347BFC00DF6A5C /* bbsUITests.swift in Sources */ = {isa = PBXBuildFile; fileRef = 0A51F4C321347BFC00DF6A5C /* bbsUITests.swift */; };
/* End PBXBuildFile section */

/* Begin PBXContainerItemProxy section */
		0A51F4B521347BFC00DF6A5C /* PBXContainerItemProxy */ = {
			isa = PBXContainerItemProxy;
			containerPortal = 0A51F49821347BF500DF6A5C /* Project object */;
			proxyType = 1;
			remoteGlobalIDString = 0A51F49F21347BF500DF6A5C;
			remoteInfo = bbs;
		};
		0A51F4C021347BFC00DF6A5C /* PBXContainerItemProxy */ = {
			isa = PBXContainerItemProxy;
			containerPortal = 0A51F49821347BF500DF6A5C /* Project object */;
			proxyType = 1;
			remoteGlobalIDString = 0A51F49F21347BF500DF6A5C;
			remoteInfo = bbs;
		};
/* End PBXContainerItemProxy section */

/* Begin PBXFileReference section */
		0A51F4A021347BF500DF6A5C /* bbs.app */ = {isa = PBXFileReference; explicitFileType = wrapper.application; includeInIndex = 0; path = bbs.app; sourceTree = BUILT_PRODUCTS_DIR; };
		0A51F4A321347BF500DF6A5C /* AppDelegate.swift */ = {isa = PBXFileReference; lastKnownFileType = sourcecode.swift; path = AppDelegate.swift; sourceTree = "<group>"; };
		0A51F4A521347BF500DF6A5C /* ViewController.swift */ = {isa = PBXFileReference; lastKnownFileType = sourcecode.swift; path = ViewController.swift; sourceTree = "<group>"; };
		0A51F4A821347BF500DF6A5C /* Base */ = {isa = PBXFileReference; lastKnownFileType = file.storyboard; name = Base; path = Base.lproj/Main.storyboard; sourceTree = "<group>"; };
		0A51F4AA21347BFB00DF6A5C /* Assets.xcassets */ = {isa = PBXFileReference; lastKnownFileType = folder.assetcatalog; path = Assets.xcassets; sourceTree = "<group>"; };
		0A51F4AD21347BFB00DF6A5C /* Base */ = {isa = PBXFileReference; lastKnownFileType = file.storyboard; name = Base; path = Base.lproj/LaunchScreen.storyboard; sourceTree = "<group>"; };
		0A51F4AF21347BFB00DF6A5C /* Info.plist */ = {isa = PBXFileReference; lastKnownFileType = text.plist.xml; path = Info.plist; sourceTree = "<group>"; };
		0A51F4B421347BFC00DF6A5C /* bbsTests.xctest */ = {isa = PBXFileReference; explicitFileType = wrapper.cfbundle; includeInIndex = 0; path = bbsTests.xctest; sourceTree = BUILT_PRODUCTS_DIR; };
		0A51F4B821347BFC00DF6A5C /* bbsTests.swift */ = {isa = PBXFileReference; lastKnownFileType = sourcecode.swift; path = bbsTests.swift; sourceTree = "<group>"; };
		0A51F4BA21347BFC00DF6A5C /* Info.plist */ = {isa = PBXFileReference; lastKnownFileType = text.plist.xml; path = Info.plist; sourceTree = "<group>"; };
		0A51F4BF21347BFC00DF6A5C /* bbsUITests.xctest */ = {isa = PBXFileReference; explicitFileType = wrapper.cfbundle; includeInIndex = 0; path = bbsUITests.xctest; sourceTree = BUILT_PRODUCTS_DIR; };
		0A51F4C321347BFC00DF6A5C /* bbsUITests.swift */ = {isa = PBXFileReference; lastKnownFileType = sourcecode.swift; path = bbsUITests.swift; sourceTree = "<group>"; };
		0A51F4C521347BFC00DF6A5C /* Info.plist */ = {isa = PBXFileReference; lastKnownFileType = text.plist.xml; path = Info.plist; sourceTree = "<group>"; };
/* End PBXFileReference section */

/* Begin PBXFrameworksBuildPhase section */
		0A51F49D21347BF500DF6A5C /* Frameworks */ = {
			isa = PBXFrameworksBuildPhase;
			buildActionMask = 2147483647;
			files = (
			);
			runOnlyForDeploymentPostprocessing = 0;
		};
		0A51F4B121347BFC00DF6A5C /* Frameworks */ = {
			isa = PBXFrameworksBuildPhase;
			buildActionMask = 2147483647;
			files = (
			);
			runOnlyForDeploymentPostprocessing = 0;
		};
		0A51F4BC21347BFC00DF6A5C /* Frameworks */ = {
			isa = PBXFrameworksBuildPhase;
			buildActionMask = 2147483647;
			files = (
			);
			runOnlyForDeploymentPostprocessing = 0;
		};
/* End PBXFrameworksBuildPhase section */

/* Begin PBXGroup section */
		0A51F49721347BF500DF6A5C = {
			isa = PBXGroup;
			children = (
				0A51F4A221347BF500DF6A5C /* bbs */,
				0A51F4B721347BFC00DF6A5C /* bbsTests */,
				0A51F4C221347BFC00DF6A5C /* bbsUITests */,
				0A51F4A121347BF500DF6A5C /* Products */,
			);
			sourceTree = "<group>";
		};
		0A51F4A121347BF500DF6A5C /* Products */ = {
			isa = PBXGroup;
			children = (
				0A51F4A021347BF500DF6A5C /* bbs.app */,
				0A51F4B421347BFC00DF6A5C /* bbsTests.xctest */,
				0A51F4BF21347BFC00DF6A5C /* bbsUITests.xctest */,
			);
			name = Products;
			sourceTree = "<group>";
		};
		0A51F4A221347BF500DF6A5C /* bbs */ = {
			isa = PBXGroup;
			children = (
				0A51F4A321347BF500DF6A5C /* AppDelegate.swift */,
				0A51F4A521347BF500DF6A5C /* ViewController.swift */,
				0A51F4A721347BF500DF6A5C /* Main.storyboard */,
				0A51F4AA21347BFB00DF6A5C /* Assets.xcassets */,
				0A51F4AC21347BFB00DF6A5C /* LaunchScreen.storyboard */,
				0A51F4AF21347BFB00DF6A5C /* Info.plist */,
			);
			path = bbs;
			sourceTree = "<group>";
		};
		0A51F4B721347BFC00DF6A5C /* bbsTests */ = {
			isa = PBXGroup;
			children = (
				0A51F4B821347BFC00DF6A5C /* bbsTests.swift */,
				0A51F4BA21347BFC00DF6A5C /* Info.plist */,
			);
			path = bbsTests;
			sourceTree = "<group>";
		};
		0A51F4C221347BFC00DF6A5C /* bbsUITests */ = {
			isa = PBXGroup;
			children = (
				0A51F4C321347BFC00DF6A5C /* bbsUITests.swift */,
				0A51F4C521347BFC00DF6A5C /* Info.plist */,
			);
			path = bbsUITests;
			sourceTree = "<group>";
		};
/* End PBXGroup section */

/* Begin PBXNativeTarget section */
		0A51F49F21347BF500DF6A5C /* bbs */ = {
			isa = PBXNativeTarget;
			buildConfigurationList = 0A51F4C821347BFC00DF6A5C /* Build configuration list for PBXNativeTarget "bbs" */;
			buildPhases = (
				0A51F49C21347BF500DF6A5C /* Sources */,
				0A51F49D21347BF500DF6A5C /* Frameworks */,
				0A51F49E21347BF500DF6A5C /* Resources */,
			);
			buildRules = (
			);
			dependencies = (
			);
			name = bbs;
			productName = bbs;
			productReference = 0A51F4A021347BF500DF6A5C /* bbs.app */;
			productType = "com.apple.product-type.application";
		};
		0A51F4B321347BFC00DF6A5C /* bbsTests */ = {
			isa = PBXNativeTarget;
			buildConfigurationList = 0A51F4CB21347BFC00DF6A5C /* Build configuration list for PBXNativeTarget "bbsTests" */;
			buildPhases = (
				0A51F4B021347BFC00DF6A5C /* Sources */,
				0A51F4B121347BFC00DF6A5C /* Frameworks */,
				0A51F4B221347BFC00DF6A5C /* Resources */,
			);
			buildRules = (
			);
			dependencies = (
				0A51F4B621347BFC00DF6A5C /* PBXTargetDependency */,
			);
			name = bbsTests;
			productName = bbsTests;
			productReference = 0A51F4B421347BFC00DF6A5C /* bbsTests.xctest */;
			productType = "com.apple.product-type.bundle.unit-test";
		};
		0A51F4BE21347BFC00DF6A5C /* bbsUITests */ = {
			isa = PBXNativeTarget;
			buildConfigurationList = 0A51F4CE21347BFC00DF6A5C /* Build configuration list for PBXNativeTarget "bbsUITests" */;
			buildPhases = (
				0A51F4BB21347BFC00DF6A5C /* Sources */,
				0A51F4BC21347BFC00DF6A5C /* Frameworks */,
				0A51F4BD21347BFC00DF6A5C /* Resources */,
			);
			buildRules = (
			);
			dependencies = (
				0A51F4C121347BFC00DF6A5C /* PBXTargetDependency */,
			);
			name = bbsUITests;
			productName = bbsUITests;
			productReference = 0A51F4BF21347BFC00DF6A5C /* bbsUITests.xctest */;
			productType = "com.apple.product-type.bundle.ui-testing";
		};
/* End PBXNativeTarget section */

/* Begin PBXProject section */
		0A51F49821347BF500DF6A5C /* Project object */ = {
			isa = PBXProject;
			attributes = {
				LastSwiftUpdateCheck = 0940;
				LastUpgradeCheck = 0940;
				ORGANIZATIONNAME = ebooknetworking;
				TargetAttributes = {
					0A51F49F21347BF500DF6A5C = {
						CreatedOnToolsVersion = 9.4.1;
					};
					0A51F4B321347BFC00DF6A5C = {
						CreatedOnToolsVersion = 9.4.1;
						TestTargetID = 0A51F49F21347BF500DF6A5C;
					};
					0A51F4BE21347BFC00DF6A5C = {
						CreatedOnToolsVersion = 9.4.1;
						TestTargetID = 0A51F49F21347BF500DF6A5C;
					};
				};
			};
			buildConfigurationList = 0A51F49B21347BF500DF6A5C /* Build configuration list for PBXProject "bbs" */;
			compatibilityVersion = "Xcode 9.3";
			developmentRegion = en;
			hasScannedForEncodings = 0;
			knownRegions = (
				en,
				Base,
			);
			mainGroup = 0A51F49721347BF500DF6A5C;
			productRefGroup = 0A51F4A121347BF500DF6A5C /* Products */;
			projectDirPath = "";
			projectRoot = "";
			targets = (
				0A51F49F21347BF500DF6A5C /* bbs */,
				0A51F4B321347BFC00DF6A5C /* bbsTests */,
				0A51F4BE21347BFC00DF6A5C /* bbsUITests */,
			);
		};
/* End PBXProject section */

/* Begin PBXResourcesBuildPhase section */
		0A51F49E21347BF500DF6A5C /* Resources */ = {
			isa = PBXResourcesBuildPhase;
			buildActionMask = 2147483647;
			files = (
				0A51F4AE21347BFB00DF6A5C /* LaunchScreen.storyboard in Resources */,
				0A51F4AB21347BFB00DF6A5C /* Assets.xcassets in Resources */,
				0A51F4A921347BF500DF6A5C /* Main.storyboard in Resources */,
			);
			runOnlyForDeploymentPostprocessing = 0;
		};
		0A51F4B221347BFC00DF6A5C /* Resources */ = {
			isa = PBXResourcesBuildPhase;
			buildActionMask = 2147483647;
			files = (
			);
			runOnlyForDeploymentPostprocessing = 0;
		};
		0A51F4BD21347BFC00DF6A5C /* Resources */ = {
			isa = PBXResourcesBuildPhase;
			buildActionMask = 2147483647;
			files = (
			);
			runOnlyForDeploymentPostprocessing = 0;
		};
/* End PBXResourcesBuildPhase section */

/* Begin PBXSourcesBuildPhase section */
		0A51F49C21347BF500DF6A5C /* Sources */ = {
			isa = PBXSourcesBuildPhase;
			buildActionMask = 2147483647;
			files = (
				0A51F4A621347BF500DF6A5C /* ViewController.swift in Sources */,
				0A51F4A421347BF500DF6A5C /* AppDelegate.swift in Sources */,
			);
			runOnlyForDeploymentPostprocessing = 0;
		};
		0A51F4B021347BFC00DF6A5C /* Sources */ = {
			isa = PBXSourcesBuildPhase;
			buildActionMask = 2147483647;
			files = (
				0A51F4B921347BFC00DF6A5C /* bbsTests.swift in Sources */,
			);
			runOnlyForDeploymentPostprocessing = 0;
		};
		0A51F4BB21347BFC00DF6A5C /* Sources */ = {
			isa = PBXSourcesBuildPhase;
			buildActionMask = 2147483647;
			files = (
				0A51F4C421347BFC00DF6A5C /* bbsUITests.swift in Sources */,
			);
			runOnlyForDeploymentPostprocessing = 0;
		};
/* End PBXSourcesBuildPhase section */

/* Begin PBXTargetDependency section */
		0A51F4B621347BFC00DF6A5C /* PBXTargetDependency */ = {
			isa = PBXTargetDependency;
			target = 0A51F49F21347BF500DF6A5C /* bbs */;
			targetProxy = 0A51F4B521347BFC00DF6A5C /* PBXContainerItemProxy */;
		};
		0A51F4C121347BFC00DF6A5C /* PBXTargetDependency */ = {
			isa = PBXTargetDependency;
			target = 0A51F49F21347BF500DF6A5C /* bbs */;
			targetProxy = 0A51F4C021347BFC00DF6A5C /* PBXContainerItemProxy */;
		};
/* End PBXTargetDependency section */

/* Begin PBXVariantGroup section */
		0A51F4A721347BF500DF6A5C /* Main.storyboard */ = {
			isa = PBXVariantGroup;
			children = (
				0A51F4A821347BF500DF6A5C /* Base */,
			);
			name = Main.storyboard;
			sourceTree = "<group>";
		};
		0A51F4AC21347BFB00DF6A5C /* LaunchScreen.storyboard */ = {
			isa = PBXVariantGroup;
			children = (
				0A51F4AD21347BFB00DF6A5C /* Base */,
			);
			name = LaunchScreen.storyboard;
			sourceTree = "<group>";
		};
/* End PBXVariantGroup section */

/* Begin XCBuildConfiguration section */
		0A51F4C621347BFC00DF6A5C /* Debug */ = {
			isa = XCBuildConfiguration;
			buildSettings = {
				ALWAYS_SEARCH_USER_PATHS = NO;
				CLANG_ANALYZER_NONNULL = YES;
				CLANG_ANALYZER_NUMBER_OBJECT_CONVERSION = YES_AGGRESSIVE;
				CLANG_CXX_LANGUAGE_STANDARD = "gnu++14";
				CLANG_CXX_LIBRARY = "libc++";
				CLANG_ENABLE_MODULES = YES;
				CLANG_ENABLE_OBJC_ARC = YES;
				CLANG_ENABLE_OBJC_WEAK = YES;
				CLANG_WARN_BLOCK_CAPTURE_AUTORELEASING = YES;
				CLANG_WARN_BOOL_CONVERSION = YES;
				CLANG_WARN_COMMA = YES;
				CLANG_WARN_CONSTANT_CONVERSION = YES;
				CLANG_WARN_DEPRECATED_OBJC_IMPLEMENTATIONS = YES;
				CLANG_WARN_DIRECT_OBJC_ISA_USAGE = YES_ERROR;
				CLANG_WARN_DOCUMENTATION_COMMENTS = YES;
				CLANG_WARN_EMPTY_BODY = YES;
				CLANG_WARN_ENUM_CONVERSION = YES;
				CLANG_WARN_INFINITE_RECURSION = YES;
				CLANG_WARN_INT_CONVERSION = YES;
				CLANG_WARN_NON_LITERAL_NULL_CONVERSION = YES;
				CLANG_WARN_OBJC_IMPLICIT_RETAIN_SELF = YES;
				CLANG_WARN_OBJC_LITERAL_CONVERSION = YES;
				CLANG_WARN_OBJC_ROOT_CLASS = YES_ERROR;
				CLANG_WARN_RANGE_LOOP_ANALYSIS = YES;
				CLANG_WARN_STRICT_PROTOTYPES = YES;
				CLANG_WARN_SUSPICIOUS_MOVE = YES;
				CLANG_WARN_UNGUARDED_AVAILABILITY = YES_AGGRESSIVE;
				CLANG_WARN_UNREACHABLE_CODE = YES;
				CLANG_WARN__DUPLICATE_METHOD_MATCH = YES;
				CODE_SIGN_IDENTITY = "iPhone Developer";
				COPY_PHASE_STRIP = NO;
				DEBUG_INFORMATION_FORMAT = dwarf;
				ENABLE_STRICT_OBJC_MSGSEND = YES;
				ENABLE_TESTABILITY = YES;
				GCC_C_LANGUAGE_STANDARD = gnu11;
				GCC_DYNAMIC_NO_PIC = NO;
				GCC_NO_COMMON_BLOCKS = YES;
				GCC_OPTIMIZATION_LEVEL = 0;
				GCC_PREPROCESSOR_DEFINITIONS = (
					"DEBUG=1",
					"$(inherited)",
				);
				GCC_WARN_64_TO_32_BIT_CONVERSION = YES;
				GCC_WARN_ABOUT_RETURN_TYPE = YES_ERROR;
				GCC_WARN_UNDECLARED_SELECTOR = YES;
				GCC_WARN_UNINITIALIZED_AUTOS = YES_AGGRESSIVE;
				GCC_WARN_UNUSED_FUNCTION = YES;
				GCC_WARN_UNUSED_VARIABLE = YES;
				IPHONEOS_DEPLOYMENT_TARGET = 11.4;
				MTL_ENABLE_DEBUG_INFO = YES;
				ONLY_ACTIVE_ARCH = YES;
				SDKROOT = iphoneos;
				SWIFT_ACTIVE_COMPILATION_CONDITIONS = DEBUG;
				SWIFT_OPTIMIZATION_LEVEL = "-Onone";
			};
			name = Debug;
		};
		0A51F4C721347BFC00DF6A5C /* Release */ = {
			isa = XCBuildConfiguration;
			buildSettings = {
				ALWAYS_SEARCH_USER_PATHS = NO;
				CLANG_ANALYZER_NONNULL = YES;
				CLANG_ANALYZER_NUMBER_OBJECT_CONVERSION = YES_AGGRESSIVE;
				CLANG_CXX_LANGUAGE_STANDARD = "gnu++14";
				CLANG_CXX_LIBRARY = "libc++";
				CLANG_ENABLE_MODULES = YES;
				CLANG_ENABLE_OBJC_ARC = YES;
				CLANG_ENABLE_OBJC_WEAK = YES;
				CLANG_WARN_BLOCK_CAPTURE_AUTORELEASING = YES;
				CLANG_WARN_BOOL_CONVERSION = YES;
				CLANG_WARN_COMMA = YES;
				CLANG_WARN_CONSTANT_CONVERSION = YES;
				CLANG_WARN_DEPRECATED_OBJC_IMPLEMENTATIONS = YES;
				CLANG_WARN_DIRECT_OBJC_ISA_USAGE = YES_ERROR;
				CLANG_WARN_DOCUMENTATION_COMMENTS = YES;
				CLANG_WARN_EMPTY_BODY = YES;
				CLANG_WARN_ENUM_CONVERSION = YES;
				CLANG_WARN_INFINITE_RECURSION = YES;
				CLANG_WARN_INT_CONVERSION = YES;
				CLANG_WARN_NON_LITERAL_NULL_CONVERSION = YES;
				CLANG_WARN_OBJC_IMPLICIT_RETAIN_SELF = YES;
				CLANG_WARN_OBJC_LITERAL_CONVERSION = YES;
				CLANG_WARN_OBJC_ROOT_CLASS = YES_ERROR;
				CLANG_WARN_RANGE_LOOP_ANALYSIS = YES;
				CLANG_WARN_STRICT_PROTOTYPES = YES;
				CLANG_WARN_SUSPICIOUS_MOVE = YES;
				CLANG_WARN_UNGUARDED_AVAILABILITY = YES_AGGRESSIVE;
				CLANG_WARN_UNREACHABLE_CODE = YES;
				CLANG_WARN__DUPLICATE_METHOD_MATCH = YES;
				CODE_SIGN_IDENTITY = "iPhone Developer";
				COPY_PHASE_STRIP = NO;
				DEBUG_INFORMATION_FORMAT = "dwarf-with-dsym";
				ENABLE_NS_ASSERTIONS = NO;
				ENABLE_STRICT_OBJC_MSGSEND = YES;
				GCC_C_LANGUAGE_STANDARD = gnu11;
				GCC_NO_COMMON_BLOCKS = YES;
				GCC_WARN_64_TO_32_BIT_CONVERSION = YES;
				GCC_WARN_ABOUT_RETURN_TYPE = YES_ERROR;
				GCC_WARN_UNDECLARED_SELECTOR = YES;
				GCC_WARN_UNINITIALIZED_AUTOS = YES_AGGRESSIVE;
				GCC_WARN_UNUSED_FUNCTION = YES;
				GCC_WARN_UNUSED_VARIABLE = YES;
				IPHONEOS_DEPLOYMENT_TARGET = 11.4;
				MTL_ENABLE_DEBUG_INFO = NO;
				SDKROOT = iphoneos;
				SWIFT_COMPILATION_MODE = wholemodule;
				SWIFT_OPTIMIZATION_LEVEL = "-O";
				VALIDATE_PRODUCT = YES;
			};
			name = Release;
		};
		0A51F4C921347BFC00DF6A5C /* Debug */ = {
			isa = XCBuildConfiguration;
			buildSettings = {
				ASSETCATALOG_COMPILER_APPICON_NAME = AppIcon;
				CODE_SIGN_STYLE = Automatic;
				INFOPLIST_FILE = bbs/Info.plist;
				LD_RUNPATH_SEARCH_PATHS = (
					"$(inherited)",
					"@executable_path/Frameworks",
				);
				PRODUCT_BUNDLE_IDENTIFIER = net.ebooknetworking.bbs;
				PRODUCT_NAME = "$(TARGET_NAME)";
				SWIFT_VERSION = 4.0;
				TARGETED_DEVICE_FAMILY = "1,2";
			};
			name = Debug;
		};
		0A51F4CA21347BFC00DF6A5C /* Release */ = {
			isa = XCBuildConfiguration;
			buildSettings = {
				ASSETCATALOG_COMPILER_APPICON_NAME = AppIcon;
				CODE_SIGN_STYLE = Automatic;
				INFOPLIST_FILE = bbs/Info.plist;
				LD_RUNPATH_SEARCH_PATHS = (
					"$(inherited)",
					"@executable_path/Frameworks",
				);
				PRODUCT_BUNDLE_IDENTIFIER = net.ebooknetworking.bbs;
				PRODUCT_NAME = "$(TARGET_NAME)";
				SWIFT_VERSION = 4.0;
				TARGETED_DEVICE_FAMILY = "1,2";
			};
			name = Release;
		};
		0A51F4CC21347BFC00DF6A5C /* Debug */ = {
			isa = XCBuildConfiguration;
			buildSettings = {
				ALWAYS_EMBED_SWIFT_STANDARD_LIBRARIES = YES;
				BUNDLE_LOADER = "$(TEST_HOST)";
				CODE_SIGN_STYLE = Automatic;
				INFOPLIST_FILE = bbsTests/Info.plist;
				LD_RUNPATH_SEARCH_PATHS = (
					"$(inherited)",
					"@executable_path/Frameworks",
					"@loader_path/Frameworks",
				);
				PRODUCT_BUNDLE_IDENTIFIER = net.ebooknetworking.bbsTests;
				PRODUCT_NAME = "$(TARGET_NAME)";
				SWIFT_VERSION = 4.0;
				TARGETED_DEVICE_FAMILY = "1,2";
				TEST_HOST = "$(BUILT_PRODUCTS_DIR)/bbs.app/bbs";
			};
			name = Debug;
		};
		0A51F4CD21347BFC00DF6A5C /* Release */ = {
			isa = XCBuildConfiguration;
			buildSettings = {
				ALWAYS_EMBED_SWIFT_STANDARD_LIBRARIES = YES;
				BUNDLE_LOADER = "$(TEST_HOST)";
				CODE_SIGN_STYLE = Automatic;
				INFOPLIST_FILE = bbsTests/Info.plist;
				LD_RUNPATH_SEARCH_PATHS = (
					"$(inherited)",
					"@executable_path/Frameworks",
					"@loader_path/Frameworks",
				);
				PRODUCT_BUNDLE_IDENTIFIER = net.ebooknetworking.bbsTests;
				PRODUCT_NAME = "$(TARGET_NAME)";
				SWIFT_VERSION = 4.0;
				TARGETED_DEVICE_FAMILY = "1,2";
				TEST_HOST = "$(BUILT_PRODUCTS_DIR)/bbs.app/bbs";
			};
			name = Release;
		};
		0A51F4CF21347BFC00DF6A5C /* Debug */ = {
			isa = XCBuildConfiguration;
			buildSettings = {
				ALWAYS_EMBED_SWIFT_STANDARD_LIBRARIES = YES;
				CODE_SIGN_STYLE = Automatic;
				INFOPLIST_FILE = bbsUITests/Info.plist;
				LD_RUNPATH_SEARCH_PATHS = (
					"$(inherited)",
					"@executable_path/Frameworks",
					"@loader_path/Frameworks",
				);
				PRODUCT_BUNDLE_IDENTIFIER = net.ebooknetworking.bbsUITests;
				PRODUCT_NAME = "$(TARGET_NAME)";
				SWIFT_VERSION = 4.0;
				TARGETED_DEVICE_FAMILY = "1,2";
				TEST_TARGET_NAME = bbs;
			};
			name = Debug;
		};
		0A51F4D021347BFC00DF6A5C /* Release */ = {
			isa = XCBuildConfiguration;
			buildSettings = {
				ALWAYS_EMBED_SWIFT_STANDARD_LIBRARIES = YES;
				CODE_SIGN_STYLE = Automatic;
				INFOPLIST_FILE = bbsUITests/Info.plist;
				LD_RUNPATH_SEARCH_PATHS = (
					"$(inherited)",
					"@executable_path/Frameworks",
					"@loader_path/Frameworks",
				);
				PRODUCT_BUNDLE_IDENTIFIER = net.ebooknetworking.bbsUITests;
				PRODUCT_NAME = "$(TARGET_NAME)";
				SWIFT_VERSION = 4.0;
				TARGETED_DEVICE_FAMILY = "1,2";
				TEST_TARGET_NAME = bbs;
			};
			name = Release;
		};
/* End XCBuildConfiguration section */

/* Begin XCConfigurationList section */
		0A51F49B21347BF500DF6A5C /* Build configuration list for PBXProject "bbs" */ = {
			isa = XCConfigurationList;
			buildConfigurations = (
				0A51F4C621347BFC00DF6A5C /* Debug */,
				0A51F4C721347BFC00DF6A5C /* Release */,
			);
			defaultConfigurationIsVisible = 0;
			defaultConfigurationName = Release;
		};
		0A51F4C821347BFC00DF6A5C /* Build configuration list for PBXNativeTarget "bbs" */ = {
			isa = XCConfigurationList;
			buildConfigurations = (
				0A51F4C921347BFC00DF6A5C /* Debug */,
				0A51F4CA21347BFC00DF6A5C /* Release */,
			);
			defaultConfigurationIsVisible = 0;
			defaultConfigurationName = Release;
		};
		0A51F4CB21347BFC00DF6A5C /* Build configuration list for PBXNativeTarget "bbsTests" */ = {
			isa = XCConfigurationList;
			buildConfigurations = (
				0A51F4CC21347BFC00DF6A5C /* Debug */,
				0A51F4CD21347BFC00DF6A5C /* Release */,
			);
			defaultConfigurationIsVisible = 0;
			defaultConfigurationName = Release;
		};
		0A51F4CE21347BFC00DF6A5C /* Build configuration list for PBXNativeTarget "bbsUITests" */ = {
			isa = XCConfigurationList;
			buildConfigurations = (
				0A51F4CF21347BFC00DF6A5C /* Debug */,
				0A51F4D021347BFC00DF6A5C /* Release */,
			);
			defaultConfigurationIsVisible = 0;
			defaultConfigurationName = Release;
		};
/* End XCConfigurationList section */
	};
	rootObject = 0A51F49821347BF500DF6A5C /* Project object */;
}
